// !$*UTF8*$!
{
	archiveVersion = 1;
	classes = {
	};
	objectVersion = 46;
	objects = {

/* Begin PBXBuildFile section */
		ED4124BE1DC405F00094BD1B /* AppDelegate.swift in Sources */ = {isa = PBXBuildFile; fileRef = ED4124BD1DC405F00094BD1B /* AppDelegate.swift */; };
		ED4124C01DC405F00094BD1B /* ViewController.swift in Sources */ = {isa = PBXBuildFile; fileRef = ED4124BF1DC405F00094BD1B /* ViewController.swift */; };
		ED4124C31DC405F00094BD1B /* Main.storyboard in Resources */ = {isa = PBXBuildFile; fileRef = ED4124C11DC405F00094BD1B /* Main.storyboard */; };
		ED4124C51DC405F00094BD1B /* Assets.xcassets in Resources */ = {isa = PBXBuildFile; fileRef = ED4124C41DC405F00094BD1B /* Assets.xcassets */; };
		ED4124C81DC405F00094BD1B /* LaunchScreen.storyboard in Resources */ = {isa = PBXBuildFile; fileRef = ED4124C61DC405F00094BD1B /* LaunchScreen.storyboard */; };
		ED4124D11DC54C4C0094BD1B /* LocalPlaylist.swift in Sources */ = {isa = PBXBuildFile; fileRef = ED4124CF1DC54C4C0094BD1B /* LocalPlaylist.swift */; };
		ED4124D21DC54C4C0094BD1B /* LocalPlaylist.xib in Resources */ = {isa = PBXBuildFile; fileRef = ED4124D01DC54C4C0094BD1B /* LocalPlaylist.xib */; };
		ED4DDFA71DC6EC3F0030CF12 /* PlayListCell.swift in Sources */ = {isa = PBXBuildFile; fileRef = ED4DDFA51DC6EC3F0030CF12 /* PlayListCell.swift */; };
		ED4DDFA81DC6EC3F0030CF12 /* PlayListCell.xib in Resources */ = {isa = PBXBuildFile; fileRef = ED4DDFA61DC6EC3F0030CF12 /* PlayListCell.xib */; };
		ED4DDFAA1DC6F7AE0030CF12 /* Database.swift in Sources */ = {isa = PBXBuildFile; fileRef = ED4DDFA91DC6F7AE0030CF12 /* Database.swift */; };
		ED4DDFB41DC79A850030CF12 /* Player.swift in Sources */ = {isa = PBXBuildFile; fileRef = ED4DDFB21DC79A850030CF12 /* Player.swift */; };
		ED4DDFB51DC79A850030CF12 /* Player.xib in Resources */ = {isa = PBXBuildFile; fileRef = ED4DDFB31DC79A850030CF12 /* Player.xib */; };
		ED52CD261DCC1DB0004FA36A /* Youtube.swift in Sources */ = {isa = PBXBuildFile; fileRef = ED52CD241DCC1DB0004FA36A /* Youtube.swift */; };
		ED52CD271DCC1DB0004FA36A /* Youtube.xib in Resources */ = {isa = PBXBuildFile; fileRef = ED52CD251DCC1DB0004FA36A /* Youtube.xib */; };
		ED5A97211DD24C7A00B3B8B9 /* LikedVideos.swift in Sources */ = {isa = PBXBuildFile; fileRef = ED5A971F1DD24C7A00B3B8B9 /* LikedVideos.swift */; };
		ED5A97221DD24C7A00B3B8B9 /* LikedVideos.xib in Resources */ = {isa = PBXBuildFile; fileRef = ED5A97201DD24C7A00B3B8B9 /* LikedVideos.xib */; };
/* End PBXBuildFile section */

/* Begin PBXFileReference section */
		ED4124BA1DC405F00094BD1B /* Sound.app */ = {isa = PBXFileReference; explicitFileType = wrapper.application; includeInIndex = 0; path = Sound.app; sourceTree = BUILT_PRODUCTS_DIR; };
		ED4124BD1DC405F00094BD1B /* AppDelegate.swift */ = {isa = PBXFileReference; lastKnownFileType = sourcecode.swift; path = AppDelegate.swift; sourceTree = "<group>"; };
		ED4124BF1DC405F00094BD1B /* ViewController.swift */ = {isa = PBXFileReference; lastKnownFileType = sourcecode.swift; path = ViewController.swift; sourceTree = "<group>"; };
		ED4124C21DC405F00094BD1B /* Base */ = {isa = PBXFileReference; lastKnownFileType = file.storyboard; name = Base; path = Base.lproj/Main.storyboard; sourceTree = "<group>"; };
		ED4124C41DC405F00094BD1B /* Assets.xcassets */ = {isa = PBXFileReference; lastKnownFileType = folder.assetcatalog; path = Assets.xcassets; sourceTree = "<group>"; };
		ED4124C71DC405F00094BD1B /* Base */ = {isa = PBXFileReference; lastKnownFileType = file.storyboard; name = Base; path = Base.lproj/LaunchScreen.storyboard; sourceTree = "<group>"; };
		ED4124C91DC405F00094BD1B /* Info.plist */ = {isa = PBXFileReference; lastKnownFileType = text.plist.xml; path = Info.plist; sourceTree = "<group>"; };
		ED4124CF1DC54C4C0094BD1B /* LocalPlaylist.swift */ = {isa = PBXFileReference; fileEncoding = 4; lastKnownFileType = sourcecode.swift; path = LocalPlaylist.swift; sourceTree = "<group>"; };
		ED4124D01DC54C4C0094BD1B /* LocalPlaylist.xib */ = {isa = PBXFileReference; fileEncoding = 4; lastKnownFileType = file.xib; path = LocalPlaylist.xib; sourceTree = "<group>"; };
		ED4DDFA51DC6EC3F0030CF12 /* PlayListCell.swift */ = {isa = PBXFileReference; fileEncoding = 4; lastKnownFileType = sourcecode.swift; path = PlayListCell.swift; sourceTree = "<group>"; };
		ED4DDFA61DC6EC3F0030CF12 /* PlayListCell.xib */ = {isa = PBXFileReference; fileEncoding = 4; lastKnownFileType = file.xib; path = PlayListCell.xib; sourceTree = "<group>"; };
		ED4DDFA91DC6F7AE0030CF12 /* Database.swift */ = {isa = PBXFileReference; fileEncoding = 4; lastKnownFileType = sourcecode.swift; path = Database.swift; sourceTree = "<group>"; };
		ED4DDFB21DC79A850030CF12 /* Player.swift */ = {isa = PBXFileReference; fileEncoding = 4; lastKnownFileType = sourcecode.swift; path = Player.swift; sourceTree = "<group>"; };
		ED4DDFB31DC79A850030CF12 /* Player.xib */ = {isa = PBXFileReference; fileEncoding = 4; lastKnownFileType = file.xib; path = Player.xib; sourceTree = "<group>"; };
		ED52CD241DCC1DB0004FA36A /* Youtube.swift */ = {isa = PBXFileReference; fileEncoding = 4; lastKnownFileType = sourcecode.swift; path = Youtube.swift; sourceTree = "<group>"; };
		ED52CD251DCC1DB0004FA36A /* Youtube.xib */ = {isa = PBXFileReference; fileEncoding = 4; lastKnownFileType = file.xib; path = Youtube.xib; sourceTree = "<group>"; };
		ED5A971F1DD24C7A00B3B8B9 /* LikedVideos.swift */ = {isa = PBXFileReference; fileEncoding = 4; lastKnownFileType = sourcecode.swift; path = LikedVideos.swift; sourceTree = "<group>"; };
		ED5A97201DD24C7A00B3B8B9 /* LikedVideos.xib */ = {isa = PBXFileReference; fileEncoding = 4; lastKnownFileType = file.xib; path = LikedVideos.xib; sourceTree = "<group>"; };
/* End PBXFileReference section */

/* Begin PBXFrameworksBuildPhase section */
		ED4124B71DC405F00094BD1B /* Frameworks */ = {
			isa = PBXFrameworksBuildPhase;
			buildActionMask = 2147483647;
			files = (
			);
			runOnlyForDeploymentPostprocessing = 0;
		};
/* End PBXFrameworksBuildPhase section */

/* Begin PBXGroup section */
		ED4124B11DC405F00094BD1B = {
			isa = PBXGroup;
			children = (
				ED4124BC1DC405F00094BD1B /* Sound */,
				ED4124BB1DC405F00094BD1B /* Products */,
			);
			sourceTree = "<group>";
		};
		ED4124BB1DC405F00094BD1B /* Products */ = {
			isa = PBXGroup;
			children = (
				ED4124BA1DC405F00094BD1B /* Sound.app */,
			);
			name = Products;
			sourceTree = "<group>";
		};
		ED4124BC1DC405F00094BD1B /* Sound */ = {
			isa = PBXGroup;
			children = (
				ED4124BD1DC405F00094BD1B /* AppDelegate.swift */,
				ED4DDFAB1DC6F83A0030CF12 /* Classes */,
				ED4DDFB61DC7D23B0030CF12 /* Main */,
				ED52CD281DCC1EC6004FA36A /* Slides */,
				ED4124D41DC54C620094BD1B /* Other */,
			);
			path = Sound;
			sourceTree = "<group>";
		};
		ED4124D31DC54C570094BD1B /* LocalPlaylist */ = {
			isa = PBXGroup;
			children = (
				ED4124CF1DC54C4C0094BD1B /* LocalPlaylist.swift */,
				ED4124D01DC54C4C0094BD1B /* LocalPlaylist.xib */,
				ED4DDFA51DC6EC3F0030CF12 /* PlayListCell.swift */,
				ED4DDFA61DC6EC3F0030CF12 /* PlayListCell.xib */,
			);
			name = LocalPlaylist;
			sourceTree = "<group>";
		};
		ED4124D41DC54C620094BD1B /* Other */ = {
			isa = PBXGroup;
			children = (
				ED4124C41DC405F00094BD1B /* Assets.xcassets */,
				ED4124C61DC405F00094BD1B /* LaunchScreen.storyboard */,
				ED4124C91DC405F00094BD1B /* Info.plist */,
			);
			name = Other;
			sourceTree = "<group>";
		};
		ED4DDFAB1DC6F83A0030CF12 /* Classes */ = {
			isa = PBXGroup;
			children = (
				ED4DDFA91DC6F7AE0030CF12 /* Database.swift */,
			);
			name = Classes;
			sourceTree = "<group>";
		};
		ED4DDFAD1DC799950030CF12 /* Player */ = {
			isa = PBXGroup;
			children = (
				ED4DDFB21DC79A850030CF12 /* Player.swift */,
				ED4DDFB31DC79A850030CF12 /* Player.xib */,
			);
			name = Player;
			sourceTree = "<group>";
		};
		ED4DDFB61DC7D23B0030CF12 /* Main */ = {
			isa = PBXGroup;
			children = (
				ED4124BF1DC405F00094BD1B /* ViewController.swift */,
				ED4124C11DC405F00094BD1B /* Main.storyboard */,
			);
			name = Main;
			sourceTree = "<group>";
		};
		ED52CD231DCC1D87004FA36A /* Youtube */ = {
			isa = PBXGroup;
			children = (
				ED52CD241DCC1DB0004FA36A /* Youtube.swift */,
				ED52CD251DCC1DB0004FA36A /* Youtube.xib */,
				ED5A971E1DD249B400B3B8B9 /* Parse */,
			);
			name = Youtube;
			sourceTree = "<group>";
		};
		ED52CD281DCC1EC6004FA36A /* Slides */ = {
			isa = PBXGroup;
			children = (
				ED4124D31DC54C570094BD1B /* LocalPlaylist */,
				ED4DDFAD1DC799950030CF12 /* Player */,
				ED52CD231DCC1D87004FA36A /* Youtube */,
			);
			name = Slides;
			sourceTree = "<group>";
		};
		ED5A971E1DD249B400B3B8B9 /* Parse */ = {
			isa = PBXGroup;
			children = (
				ED5A971F1DD24C7A00B3B8B9 /* LikedVideos.swift */,
				ED5A97201DD24C7A00B3B8B9 /* LikedVideos.xib */,
			);
			name = Parse;
			sourceTree = "<group>";
		};
/* End PBXGroup section */

/* Begin PBXNativeTarget section */
		ED4124B91DC405F00094BD1B /* Sound */ = {
			isa = PBXNativeTarget;
			buildConfigurationList = ED4124CC1DC405F10094BD1B /* Build configuration list for PBXNativeTarget "Sound" */;
			buildPhases = (
				ED4124B61DC405F00094BD1B /* Sources */,
				ED4124B71DC405F00094BD1B /* Frameworks */,
				ED4124B81DC405F00094BD1B /* Resources */,
			);
			buildRules = (
			);
			dependencies = (
			);
			name = Sound;
			productName = Sound;
			productReference = ED4124BA1DC405F00094BD1B /* Sound.app */;
			productType = "com.apple.product-type.application";
		};
/* End PBXNativeTarget section */

/* Begin PBXProject section */
		ED4124B21DC405F00094BD1B /* Project object */ = {
			isa = PBXProject;
			attributes = {
				LastSwiftUpdateCheck = 0720;
				LastUpgradeCheck = 0720;
				ORGANIZATIONNAME = mm;
				TargetAttributes = {
					ED4124B91DC405F00094BD1B = {
						CreatedOnToolsVersion = 7.2;
						DevelopmentTeam = 4752B9296N;
						LastSwiftMigration = 0830;
						SystemCapabilities = {
							com.apple.BackgroundModes = {
								enabled = 1;
							};
						};
					};
				};
			};
			buildConfigurationList = ED4124B51DC405F00094BD1B /* Build configuration list for PBXProject "Sound" */;
			compatibilityVersion = "Xcode 3.2";
			developmentRegion = English;
			hasScannedForEncodings = 0;
			knownRegions = (
				en,
				Base,
			);
			mainGroup = ED4124B11DC405F00094BD1B;
			productRefGroup = ED4124BB1DC405F00094BD1B /* Products */;
			projectDirPath = "";
			projectRoot = "";
			targets = (
				ED4124B91DC405F00094BD1B /* Sound */,
			);
		};
/* End PBXProject section */

/* Begin PBXResourcesBuildPhase section */
		ED4124B81DC405F00094BD1B /* Resources */ = {
			isa = PBXResourcesBuildPhase;
			buildActionMask = 2147483647;
			files = (
				ED4DDFB51DC79A850030CF12 /* Player.xib in Resources */,
				ED4DDFA81DC6EC3F0030CF12 /* PlayListCell.xib in Resources */,
				ED52CD271DCC1DB0004FA36A /* Youtube.xib in Resources */,
				ED5A97221DD24C7A00B3B8B9 /* LikedVideos.xib in Resources */,
				ED4124C81DC405F00094BD1B /* LaunchScreen.storyboard in Resources */,
				ED4124C51DC405F00094BD1B /* Assets.xcassets in Resources */,
				ED4124C31DC405F00094BD1B /* Main.storyboard in Resources */,
				ED4124D21DC54C4C0094BD1B /* LocalPlaylist.xib in Resources */,
			);
			runOnlyForDeploymentPostprocessing = 0;
		};
/* End PBXResourcesBuildPhase section */

/* Begin PBXSourcesBuildPhase section */
		ED4124B61DC405F00094BD1B /* Sources */ = {
			isa = PBXSourcesBuildPhase;
			buildActionMask = 2147483647;
			files = (
				ED4124D11DC54C4C0094BD1B /* LocalPlaylist.swift in Sources */,
				ED4124C01DC405F00094BD1B /* ViewController.swift in Sources */,
				ED4124BE1DC405F00094BD1B /* AppDelegate.swift in Sources */,
				ED4DDFAA1DC6F7AE0030CF12 /* Database.swift in Sources */,
				ED52CD261DCC1DB0004FA36A /* Youtube.swift in Sources */,
				ED4DDFB41DC79A850030CF12 /* Player.swift in Sources */,
				ED4DDFA71DC6EC3F0030CF12 /* PlayListCell.swift in Sources */,
				ED5A97211DD24C7A00B3B8B9 /* LikedVideos.swift in Sources */,
			);
			runOnlyForDeploymentPostprocessing = 0;
		};
/* End PBXSourcesBuildPhase section */

/* Begin PBXVariantGroup section */
		ED4124C11DC405F00094BD1B /* Main.storyboard */ = {
			isa = PBXVariantGroup;
			children = (
				ED4124C21DC405F00094BD1B /* Base */,
			);
			name = Main.storyboard;
			sourceTree = "<group>";
		};
		ED4124C61DC405F00094BD1B /* LaunchScreen.storyboard */ = {
			isa = PBXVariantGroup;
			children = (
				ED4124C71DC405F00094BD1B /* Base */,
			);
			name = LaunchScreen.storyboard;
			sourceTree = "<group>";
		};
/* End PBXVariantGroup section */

/* Begin XCBuildConfiguration section */
		ED4124CA1DC405F00094BD1B /* Debug */ = {
			isa = XCBuildConfiguration;
			buildSettings = {
				ALWAYS_SEARCH_USER_PATHS = NO;
				CLANG_CXX_LANGUAGE_STANDARD = "gnu++0x";
				CLANG_CXX_LIBRARY = "libc++";
				CLANG_ENABLE_MODULES = YES;
				CLANG_ENABLE_OBJC_ARC = YES;
				CLANG_WARN_BOOL_CONVERSION = YES;
				CLANG_WARN_CONSTANT_CONVERSION = YES;
				CLANG_WARN_DIRECT_OBJC_ISA_USAGE = YES_ERROR;
				CLANG_WARN_EMPTY_BODY = YES;
				CLANG_WARN_ENUM_CONVERSION = YES;
				CLANG_WARN_INT_CONVERSION = YES;
				CLANG_WARN_OBJC_ROOT_CLASS = YES_ERROR;
				CLANG_WARN_UNREACHABLE_CODE = YES;
				CLANG_WARN__DUPLICATE_METHOD_MATCH = YES;
				"CODE_SIGN_IDENTITY[sdk=iphoneos*]" = "iPhone Developer";
				COPY_PHASE_STRIP = NO;
				DEBUG_INFORMATION_FORMAT = dwarf;
				ENABLE_STRICT_OBJC_MSGSEND = YES;
				ENABLE_TESTABILITY = YES;
				GCC_C_LANGUAGE_STANDARD = gnu99;
				GCC_DYNAMIC_NO_PIC = NO;
				GCC_NO_COMMON_BLOCKS = YES;
				GCC_OPTIMIZATION_LEVEL = 0;
				GCC_PREPROCESSOR_DEFINITIONS = (
					"DEBUG=1",
					"$(inherited)",
				);
				GCC_WARN_64_TO_32_BIT_CONVERSION = YES;
				GCC_WARN_ABOUT_RETURN_TYPE = YES_ERROR;
				GCC_WARN_UNDECLARED_SELECTOR = YES;
				GCC_WARN_UNINITIALIZED_AUTOS = YES_AGGRESSIVE;
				GCC_WARN_UNUSED_FUNCTION = YES;
				GCC_WARN_UNUSED_VARIABLE = YES;
				IPHONEOS_DEPLOYMENT_TARGET = 9.2;
				MTL_ENABLE_DEBUG_INFO = YES;
				ONLY_ACTIVE_ARCH = YES;
				SDKROOT = iphoneos;
				SWIFT_OPTIMIZATION_LEVEL = "-Onone";
			};
			name = Debug;
		};
		ED4124CB1DC405F00094BD1B /* Release */ = {
			isa = XCBuildConfiguration;
			buildSettings = {
				ALWAYS_SEARCH_USER_PATHS = NO;
				CLANG_CXX_LANGUAGE_STANDARD = "gnu++0x";
				CLANG_CXX_LIBRARY = "libc++";
				CLANG_ENABLE_MODULES = YES;
				CLANG_ENABLE_OBJC_ARC = YES;
				CLANG_WARN_BOOL_CONVERSION = YES;
				CLANG_WARN_CONSTANT_CONVERSION = YES;
				CLANG_WARN_DIRECT_OBJC_ISA_USAGE = YES_ERROR;
				CLANG_WARN_EMPTY_BODY = YES;
				CLANG_WARN_ENUM_CONVERSION = YES;
				CLANG_WARN_INT_CONVERSION = YES;
				CLANG_WARN_OBJC_ROOT_CLASS = YES_ERROR;
				CLANG_WARN_UNREACHABLE_CODE = YES;
				CLANG_WARN__DUPLICATE_METHOD_MATCH = YES;
				"CODE_SIGN_IDENTITY[sdk=iphoneos*]" = "iPhone Developer";
				COPY_PHASE_STRIP = NO;
				DEBUG_INFORMATION_FORMAT = "dwarf-with-dsym";
				ENABLE_NS_ASSERTIONS = NO;
				ENABLE_STRICT_OBJC_MSGSEND = YES;
				GCC_C_LANGUAGE_STANDARD = gnu99;
				GCC_NO_COMMON_BLOCKS = YES;
				GCC_WARN_64_TO_32_BIT_CONVERSION = YES;
				GCC_WARN_ABOUT_RETURN_TYPE = YES_ERROR;
				GCC_WARN_UNDECLARED_SELECTOR = YES;
				GCC_WARN_UNINITIALIZED_AUTOS = YES_AGGRESSIVE;
				GCC_WARN_UNUSED_FUNCTION = YES;
				GCC_WARN_UNUSED_VARIABLE = YES;
				IPHONEOS_DEPLOYMENT_TARGET = 9.2;
				MTL_ENABLE_DEBUG_INFO = NO;
				SDKROOT = iphoneos;
				VALIDATE_PRODUCT = YES;
			};
			name = Release;
		};
		ED4124CD1DC405F10094BD1B /* Debug */ = {
			isa = XCBuildConfiguration;
			buildSettings = {
				ASSETCATALOG_COMPILER_APPICON_NAME = AppIcon;
				CODE_SIGN_IDENTITY = "iPhone Developer";
				DEVELOPMENT_TEAM = 4752B9296N;
				INFOPLIST_FILE = Sound/Info.plist;
				IPHONEOS_DEPLOYMENT_TARGET = 10.3;
				LD_RUNPATH_SEARCH_PATHS = "$(inherited) @executable_path/Frameworks";
				PRODUCT_BUNDLE_IDENTIFIER = mm.Sound;
				PRODUCT_NAME = "$(TARGET_NAME)";
				SWIFT_VERSION = 3.0;
			};
			name = Debug;
		};
		ED4124CE1DC405F10094BD1B /* Release */ = {
			isa = XCBuildConfiguration;
			buildSettings = {
				ASSETCATALOG_COMPILER_APPICON_NAME = AppIcon;
				CODE_SIGN_IDENTITY = "iPhone Developer";
				DEVELOPMENT_TEAM = 4752B9296N;
				INFOPLIST_FILE = Sound/Info.plist;
				IPHONEOS_DEPLOYMENT_TARGET = 10.3;
				LD_RUNPATH_SEARCH_PATHS = "$(inherited) @executable_path/Frameworks";
				PRODUCT_BUNDLE_IDENTIFIER = mm.Sound;
				PRODUCT_NAME = "$(TARGET_NAME)";
				SWIFT_VERSION = 3.0;
			};
			name = Release;
		};
/* End XCBuildConfiguration section */

/* Begin XCConfigurationList section */
		ED4124B51DC405F00094BD1B /* Build configuration list for PBXProject "Sound" */ = {
			isa = XCConfigurationList;
			buildConfigurations = (
				ED4124CA1DC405F00094BD1B /* Debug */,
				ED4124CB1DC405F00094BD1B /* Release */,
			);
			defaultConfigurationIsVisible = 0;
			defaultConfigurationName = Release;
		};
		ED4124CC1DC405F10094BD1B /* Build configuration list for PBXNativeTarget "Sound" */ = {
			isa = XCConfigurationList;
			buildConfigurations = (
				ED4124CD1DC405F10094BD1B /* Debug */,
				ED4124CE1DC405F10094BD1B /* Release */,
			);
			defaultConfigurationIsVisible = 0;
			defaultConfigurationName = Release;
		};
/* End XCConfigurationList section */
	};
	rootObject = ED4124B21DC405F00094BD1B /* Project object */;
}
